PODS:
  - DynamicGallery (0.1.1):
    - Kingfisher (~> 4.0)
    - SnapKit (~> 4.0.0)
  - Kingfisher (4.10.0)
  - SnapKit (4.0.1)

DEPENDENCIES:
  - DynamicGallery (from `~/Documents/Work/Private Pods/DynamicGallery`)

EXTERNAL SOURCES:
  DynamicGallery:
    :path: ~/Documents/Work/Private Pods/DynamicGallery

SPEC CHECKSUMS:
  DynamicGallery: 04d9db28166901850532eb7d56da758e17cc8aba
  Kingfisher: 43c4b802d8b5256cf1f4379e9cd10b329be6d3e2
  SnapKit: 0de968a9fec17499afa29683b05d0c775b6d1c29

PODFILE CHECKSUM: 2136a17d6158ac7b81fafcf279e440ade2c9a8ae

COCOAPODS: 1.4.0
